
Microsoft Visual Studio Solution File, Format Version 12.00
# Visual Studio Version 17
VisualStudioVersion = 17.5.33516.290
MinimumVisualStudioVersion = 10.0.40219.1
Project("{FAE04EC0-301F-11D3-BF4B-00C04F79EFBC}") = "AddTwoNumbersUsingDll", "AddTwoNumbersUsingDll.csproj", "{925800CF-E713-48F5-9B5C-088D356EBC74}"
EndProject
Global
	GlobalSection(SolutionConfigurationPlatforms) = preSolution
		Debug|Any CPU = Debug|Any CPU
		Release|Any CPU = Release|Any CPU
	EndGlobalSection
	GlobalSection(ProjectConfigurationPlatforms) = postSolution
		{925800CF-E713-48F5-9B5C-088D356EBC74}.Debug|Any CPU.ActiveCfg = Debug|Any CPU
		{925800CF-E713-48F5-9B5C-088D356EBC74}.Debug|Any CPU.Build.0 = Debug|Any CPU
		{925800CF-E713-48F5-9B5C-088D356EBC74}.Release|Any CPU.ActiveCfg = Release|Any CPU
		{925800CF-E713-48F5-9B5C-088D356EBC74}.Release|Any CPU.Build.0 = Release|Any CPU
	EndGlobalSection
	GlobalSection(SolutionProperties) = preSolution
		HideSolutionNode = FALSE
	EndGlobalSection
	GlobalSection(ExtensibilityGlobals) = postSolution
		SolutionGuid = {449468D7-FD66-41FE-9D0B-7E27CE574042}
	EndGlobalSection
EndGlobal
